
Microsoft Visual Studio Solution File, Format Version 12.00
# Visual Studio Version 16
VisualStudioVersion = 16.0.30717.126
MinimumVisualStudioVersion = 10.0.40219.1
Project("{FAE04EC0-301F-11D3-BF4B-00C04F79EFBC}") = "DayOfWeek", "DayOfWeek\DayOfWeek.csproj", "{71EA36E3-BDDC-4E1E-9D97-A2588EC49C05}"
EndProject
Global
	GlobalSection(SolutionConfigurationPlatforms) = preSolution
		Debug|Any CPU = Debug|Any CPU
		Release|Any CPU = Release|Any CPU
	EndGlobalSection
	GlobalSection(ProjectConfigurationPlatforms) = postSolution
		{71EA36E3-BDDC-4E1E-9D97-A2588EC49C05}.Debug|Any CPU.ActiveCfg = Debug|Any CPU
		{71EA36E3-BDDC-4E1E-9D97-A2588EC49C05}.Debug|Any CPU.Build.0 = Debug|Any CPU
		{71EA36E3-BDDC-4E1E-9D97-A2588EC49C05}.Release|Any CPU.ActiveCfg = Release|Any CPU
		{71EA36E3-BDDC-4E1E-9D97-A2588EC49C05}.Release|Any CPU.Build.0 = Release|Any CPU
	EndGlobalSection
	GlobalSection(SolutionProperties) = preSolution
		HideSolutionNode = FALSE
	EndGlobalSection
	GlobalSection(ExtensibilityGlobals) = postSolution
		SolutionGuid = {EA138443-E86B-42E9-B7B7-F78C779168B8}
	EndGlobalSection
EndGlobal
