
Microsoft Visual Studio Solution File, Format Version 12.00
# Visual Studio Version 16
VisualStudioVersion = 16.0.30717.126
MinimumVisualStudioVersion = 10.0.40219.1
Project("{FAE04EC0-301F-11D3-BF4B-00C04F79EFBC}") = "Word_CountXDisplay", "Word_CountXDisplay\Word_CountXDisplay.csproj", "{CC61434D-2666-405B-9022-715C4426D5D4}"
EndProject
Global
	GlobalSection(SolutionConfigurationPlatforms) = preSolution
		Debug|Any CPU = Debug|Any CPU
		Release|Any CPU = Release|Any CPU
	EndGlobalSection
	GlobalSection(ProjectConfigurationPlatforms) = postSolution
		{CC61434D-2666-405B-9022-715C4426D5D4}.Debug|Any CPU.ActiveCfg = Debug|Any CPU
		{CC61434D-2666-405B-9022-715C4426D5D4}.Debug|Any CPU.Build.0 = Debug|Any CPU
		{CC61434D-2666-405B-9022-715C4426D5D4}.Release|Any CPU.ActiveCfg = Release|Any CPU
		{CC61434D-2666-405B-9022-715C4426D5D4}.Release|Any CPU.Build.0 = Release|Any CPU
	EndGlobalSection
	GlobalSection(SolutionProperties) = preSolution
		HideSolutionNode = FALSE
	EndGlobalSection
	GlobalSection(ExtensibilityGlobals) = postSolution
		SolutionGuid = {66F56A3A-3FBB-4FA5-96F2-7BC25090E084}
	EndGlobalSection
EndGlobal
